
Microsoft Visual Studio Solution File, Format Version 12.00
# Visual Studio Version 17
VisualStudioVersion = 17.10.35027.167
MinimumVisualStudioVersion = 10.0.40219.1
Project("{FAE04EC0-301F-11D3-BF4B-00C04F79EFBC}") = "SieveNumbersProj", "SieveNumbersProj.csproj", "{AEE4CB01-F4C5-4CF7-B322-E8173F7B34C1}"
EndProject
Global
	GlobalSection(SolutionConfigurationPlatforms) = preSolution
		Debug|Any CPU = Debug|Any CPU
		Release|Any CPU = Release|Any CPU
	EndGlobalSection
	GlobalSection(ProjectConfigurationPlatforms) = postSolution
		{AEE4CB01-F4C5-4CF7-B322-E8173F7B34C1}.Debug|Any CPU.ActiveCfg = Debug|Any CPU
		{AEE4CB01-F4C5-4CF7-B322-E8173F7B34C1}.Debug|Any CPU.Build.0 = Debug|Any CPU
		{AEE4CB01-F4C5-4CF7-B322-E8173F7B34C1}.Release|Any CPU.ActiveCfg = Release|Any CPU
		{AEE4CB01-F4C5-4CF7-B322-E8173F7B34C1}.Release|Any CPU.Build.0 = Release|Any CPU
	EndGlobalSection
	GlobalSection(SolutionProperties) = preSolution
		HideSolutionNode = FALSE
	EndGlobalSection
	GlobalSection(ExtensibilityGlobals) = postSolution
		SolutionGuid = {7714DE2D-697A-4F32-A1D1-76C796EA8CCC}
	EndGlobalSection
EndGlobal
